
Microsoft Visual Studio Solution File, Format Version 12.00
# Visual Studio Version 17
VisualStudioVersion = 17.4.33205.214
MinimumVisualStudioVersion = 10.0.40219.1
Project("{2150E333-8FDC-42A3-9474-1A3956D46DE8}") = "Application", "Application", "{1D3E4D99-9A33-452B-ADEC-1ABAED86875A}"
EndProject
Project("{2150E333-8FDC-42A3-9474-1A3956D46DE8}") = "Domain", "Domain", "{956ADB36-A47A-4C42-A6DD-7FF39AFE541F}"
EndProject
Project("{2150E333-8FDC-42A3-9474-1A3956D46DE8}") = "Infra", "Infra", "{E64FAEA6-57B3-4E75-8513-749E339F811A}"
EndProject
Project("{FAE04EC0-301F-11D3-BF4B-00C04F79EFBC}") = "StarWars.Application.API", "StarWars.Application.API\StarWars.Application.API.csproj", "{94C12F8E-0678-4A6C-BD2D-27D9C50238A7}"
EndProject
Project("{FAE04EC0-301F-11D3-BF4B-00C04F79EFBC}") = "StarWars.Domain", "StarWars.Domain\StarWars.Domain.csproj", "{41E11F0D-9BAA-4ECA-B744-500A385C6F85}"
EndProject
Project("{FAE04EC0-301F-11D3-BF4B-00C04F79EFBC}") = "StarWars.Infra.Data", "StarWars.Infra.Data\StarWars.Infra.Data.csproj", "{3839F78C-86C6-4B37-9EBC-C5EE9B85D834}"
EndProject
Project("{FAE04EC0-301F-11D3-BF4B-00C04F79EFBC}") = "StarWars.Infra.Swapi", "StarWars.Infra.Swapi\StarWars.Infra.Swapi.csproj", "{BD894420-7B3C-433D-9CA6-3254580FA97E}"
EndProject
Global
	GlobalSection(SolutionConfigurationPlatforms) = preSolution
		Debug|Any CPU = Debug|Any CPU
		Release|Any CPU = Release|Any CPU
	EndGlobalSection
	GlobalSection(ProjectConfigurationPlatforms) = postSolution
		{94C12F8E-0678-4A6C-BD2D-27D9C50238A7}.Debug|Any CPU.ActiveCfg = Debug|Any CPU
		{94C12F8E-0678-4A6C-BD2D-27D9C50238A7}.Debug|Any CPU.Build.0 = Debug|Any CPU
		{94C12F8E-0678-4A6C-BD2D-27D9C50238A7}.Release|Any CPU.ActiveCfg = Release|Any CPU
		{94C12F8E-0678-4A6C-BD2D-27D9C50238A7}.Release|Any CPU.Build.0 = Release|Any CPU
		{41E11F0D-9BAA-4ECA-B744-500A385C6F85}.Debug|Any CPU.ActiveCfg = Debug|Any CPU
		{41E11F0D-9BAA-4ECA-B744-500A385C6F85}.Debug|Any CPU.Build.0 = Debug|Any CPU
		{41E11F0D-9BAA-4ECA-B744-500A385C6F85}.Release|Any CPU.ActiveCfg = Release|Any CPU
		{41E11F0D-9BAA-4ECA-B744-500A385C6F85}.Release|Any CPU.Build.0 = Release|Any CPU
		{3839F78C-86C6-4B37-9EBC-C5EE9B85D834}.Debug|Any CPU.ActiveCfg = Debug|Any CPU
		{3839F78C-86C6-4B37-9EBC-C5EE9B85D834}.Debug|Any CPU.Build.0 = Debug|Any CPU
		{3839F78C-86C6-4B37-9EBC-C5EE9B85D834}.Release|Any CPU.ActiveCfg = Release|Any CPU
		{3839F78C-86C6-4B37-9EBC-C5EE9B85D834}.Release|Any CPU.Build.0 = Release|Any CPU
		{BD894420-7B3C-433D-9CA6-3254580FA97E}.Debug|Any CPU.ActiveCfg = Debug|Any CPU
		{BD894420-7B3C-433D-9CA6-3254580FA97E}.Debug|Any CPU.Build.0 = Debug|Any CPU
		{BD894420-7B3C-433D-9CA6-3254580FA97E}.Release|Any CPU.ActiveCfg = Release|Any CPU
		{BD894420-7B3C-433D-9CA6-3254580FA97E}.Release|Any CPU.Build.0 = Release|Any CPU
	EndGlobalSection
	GlobalSection(SolutionProperties) = preSolution
		HideSolutionNode = FALSE
	EndGlobalSection
	GlobalSection(NestedProjects) = preSolution
		{94C12F8E-0678-4A6C-BD2D-27D9C50238A7} = {1D3E4D99-9A33-452B-ADEC-1ABAED86875A}
		{41E11F0D-9BAA-4ECA-B744-500A385C6F85} = {956ADB36-A47A-4C42-A6DD-7FF39AFE541F}
		{3839F78C-86C6-4B37-9EBC-C5EE9B85D834} = {E64FAEA6-57B3-4E75-8513-749E339F811A}
		{BD894420-7B3C-433D-9CA6-3254580FA97E} = {E64FAEA6-57B3-4E75-8513-749E339F811A}
	EndGlobalSection
	GlobalSection(ExtensibilityGlobals) = postSolution
		SolutionGuid = {905FE4C4-82D8-49BC-A672-24AD8F999A70}
	EndGlobalSection
EndGlobal
